
Microsoft Visual Studio Solution File, Format Version 12.00
# Visual Studio Version 16
VisualStudioVersion = 16.0.29201.188
MinimumVisualStudioVersion = 10.0.40219.1
Project("{FAE04EC0-301F-11D3-BF4B-00C04F79EFBC}") = "Signaling2", "Signaling2.csproj", "{DE8BA1D1-B4CA-444F-B8E8-B2E56E38A3B1}"
EndProject
Global
	GlobalSection(SolutionConfigurationPlatforms) = preSolution
		Debug|Any CPU = Debug|Any CPU
		Release|Any CPU = Release|Any CPU
	EndGlobalSection
	GlobalSection(ProjectConfigurationPlatforms) = postSolution
		{DE8BA1D1-B4CA-444F-B8E8-B2E56E38A3B1}.Debug|Any CPU.ActiveCfg = Debug|Any CPU
		{DE8BA1D1-B4CA-444F-B8E8-B2E56E38A3B1}.Debug|Any CPU.Build.0 = Debug|Any CPU
		{DE8BA1D1-B4CA-444F-B8E8-B2E56E38A3B1}.Release|Any CPU.ActiveCfg = Release|Any CPU
		{DE8BA1D1-B4CA-444F-B8E8-B2E56E38A3B1}.Release|Any CPU.Build.0 = Release|Any CPU
	EndGlobalSection
	GlobalSection(SolutionProperties) = preSolution
		HideSolutionNode = FALSE
	EndGlobalSection
	GlobalSection(ExtensibilityGlobals) = postSolution
		SolutionGuid = {0A1A1725-57F7-4901-8B04-41A8594AA71B}
	EndGlobalSection
EndGlobal
